
Microsoft Visual Studio Solution File, Format Version 12.00
# Visual Studio Version 17
VisualStudioVersion = 17.7.34024.191
MinimumVisualStudioVersion = 10.0.40219.1
Project("{FAE04EC0-301F-11D3-BF4B-00C04F79EFBC}") = "ForumWebsite", "ForumWebsite\ForumWebsite.csproj", "{028C0799-4FEA-4426-87B1-3EEAF47BCC80}"
EndProject
Global
	GlobalSection(SolutionConfigurationPlatforms) = preSolution
		Debug|Any CPU = Debug|Any CPU
		Release|Any CPU = Release|Any CPU
	EndGlobalSection
	GlobalSection(ProjectConfigurationPlatforms) = postSolution
		{028C0799-4FEA-4426-87B1-3EEAF47BCC80}.Debug|Any CPU.ActiveCfg = Debug|Any CPU
		{028C0799-4FEA-4426-87B1-3EEAF47BCC80}.Debug|Any CPU.Build.0 = Debug|Any CPU
		{028C0799-4FEA-4426-87B1-3EEAF47BCC80}.Release|Any CPU.ActiveCfg = Release|Any CPU
		{028C0799-4FEA-4426-87B1-3EEAF47BCC80}.Release|Any CPU.Build.0 = Release|Any CPU
	EndGlobalSection
	GlobalSection(SolutionProperties) = preSolution
		HideSolutionNode = FALSE
	EndGlobalSection
	GlobalSection(ExtensibilityGlobals) = postSolution
		SolutionGuid = {053DE931-8031-4560-AA9A-2E75DD39219A}
	EndGlobalSection
EndGlobal
